
Microsoft Visual Studio Solution File, Format Version 12.00
# Visual Studio Version 17
VisualStudioVersion = 17.5.002.0
MinimumVisualStudioVersion = 10.0.40219.1
Project("{9A19103F-16F7-4668-BE54-9A1E7A4F7556}") = "Final-MariaInes-LeivaCasiano", "Final-MariaInes-LeivaCasiano.csproj", "{F725D2EB-0F1A-4664-8C59-562C7A5CB6FE}"
EndProject
Global
	GlobalSection(SolutionConfigurationPlatforms) = preSolution
		Debug|Any CPU = Debug|Any CPU
		Release|Any CPU = Release|Any CPU
	EndGlobalSection
	GlobalSection(ProjectConfigurationPlatforms) = postSolution
		{F725D2EB-0F1A-4664-8C59-562C7A5CB6FE}.Debug|Any CPU.ActiveCfg = Debug|Any CPU
		{F725D2EB-0F1A-4664-8C59-562C7A5CB6FE}.Debug|Any CPU.Build.0 = Debug|Any CPU
		{F725D2EB-0F1A-4664-8C59-562C7A5CB6FE}.Release|Any CPU.ActiveCfg = Release|Any CPU
		{F725D2EB-0F1A-4664-8C59-562C7A5CB6FE}.Release|Any CPU.Build.0 = Release|Any CPU
	EndGlobalSection
	GlobalSection(SolutionProperties) = preSolution
		HideSolutionNode = FALSE
	EndGlobalSection
	GlobalSection(ExtensibilityGlobals) = postSolution
		SolutionGuid = {07F7697A-AF29-4F28-9235-8CEAF1C9FCA6}
	EndGlobalSection
EndGlobal
